
Microsoft Visual Studio Solution File, Format Version 12.00
# Visual Studio Version 16
VisualStudioVersion = 16.0.30711.63
MinimumVisualStudioVersion = 10.0.40219.1
Project("{FAE04EC0-301F-11D3-BF4B-00C04F79EFBC}") = "AteroidsGame", "AteroidsGame\AteroidsGame.csproj", "{149164F9-5EFB-40EC-8307-C85C74185819}"
EndProject
Project("{9A19103F-16F7-4668-BE54-9A1E7A4F7556}") = "HomeWork.Lesson2.Task1", "HomeWork.Lesson2.Task1\HomeWork.Lesson2.Task1.csproj", "{A60B2011-81AF-498E-AC19-8793890DE0BB}"
EndProject
Project("{9A19103F-16F7-4668-BE54-9A1E7A4F7556}") = "HomeWork.Lesson3.Task1", "HomeWork.Lesson3.Task1\HomeWork.Lesson3.Task1.csproj", "{EB46CD02-AEC9-47A5-8DAC-DE5CB8484FE9}"
EndProject
Project("{9A19103F-16F7-4668-BE54-9A1E7A4F7556}") = "HomeWork.Lesson4.Task1", "HomeWork.Lesson4.Task1\HomeWork.Lesson4.Task1.csproj", "{764B8B61-B7A7-4171-85C1-7D179D0382E1}"
EndProject
Project("{FAE04EC0-301F-11D3-BF4B-00C04F79EFBC}") = "Company", "Company\Company.csproj", "{B2BAD542-C958-4C55-95C3-9F38BF51AE78}"
EndProject
Project("{FAE04EC0-301F-11D3-BF4B-00C04F79EFBC}") = "Company.Database", "Company.Database\Company.Database.csproj", "{555E2C2C-2332-4E93-AE4B-7E89B6492E5F}"
EndProject
Project("{2150E333-8FDC-42A3-9474-1A3956D46DE8}") = "Solution Items", "Solution Items", "{CAC233E0-4C0A-4BE1-804E-263A35DEDE7E}"
	ProjectSection(SolutionItems) = preProject
		.editorconfig = .editorconfig
	EndProjectSection
EndProject
Project("{FAE04EC0-301F-11D3-BF4B-00C04F79EFBC}") = "Company.Controls", "Company.Controls\Company.Controls.csproj", "{A7FFE6D9-8E6E-4741-BA9E-380E5F363E16}"
EndProject
Project("{FAE04EC0-301F-11D3-BF4B-00C04F79EFBC}") = "Office", "Office\Office.csproj", "{6E629F6D-F697-4F48-98DF-629FBB60400B}"
EndProject
Project("{FAE04EC0-301F-11D3-BF4B-00C04F79EFBC}") = "Office.Db", "Office.Db\Office.Db.csproj", "{D559EAE3-FBFC-4F03-B61B-0C31CA7024A2}"
EndProject
Project("{FAE04EC0-301F-11D3-BF4B-00C04F79EFBC}") = "Office.ControlForms", "Office.ControlForms\Office.ControlForms.csproj", "{B803FB35-507F-4B8F-8952-4C1ECDFF4438}"
EndProject
Project("{FAE04EC0-301F-11D3-BF4B-00C04F79EFBC}") = "Office.WebService", "Office.WebService\Office.WebService.csproj", "{C896062F-147F-4110-A315-57B92850A0D7}"
EndProject
Project("{FAE04EC0-301F-11D3-BF4B-00C04F79EFBC}") = "Office.Communication", "Office.Communication\Office.Communication.csproj", "{C5C6844D-1981-4AC2-8B30-801737A4D94C}"
	ProjectSection(ProjectDependencies) = postProject
		{C896062F-147F-4110-A315-57B92850A0D7} = {C896062F-147F-4110-A315-57B92850A0D7}
	EndProjectSection
EndProject
Global
	GlobalSection(SolutionConfigurationPlatforms) = preSolution
		Debug|Any CPU = Debug|Any CPU
		Release|Any CPU = Release|Any CPU
	EndGlobalSection
	GlobalSection(ProjectConfigurationPlatforms) = postSolution
		{149164F9-5EFB-40EC-8307-C85C74185819}.Debug|Any CPU.ActiveCfg = Debug|Any CPU
		{149164F9-5EFB-40EC-8307-C85C74185819}.Debug|Any CPU.Build.0 = Debug|Any CPU
		{149164F9-5EFB-40EC-8307-C85C74185819}.Release|Any CPU.ActiveCfg = Release|Any CPU
		{149164F9-5EFB-40EC-8307-C85C74185819}.Release|Any CPU.Build.0 = Release|Any CPU
		{A60B2011-81AF-498E-AC19-8793890DE0BB}.Debug|Any CPU.ActiveCfg = Debug|Any CPU
		{A60B2011-81AF-498E-AC19-8793890DE0BB}.Debug|Any CPU.Build.0 = Debug|Any CPU
		{A60B2011-81AF-498E-AC19-8793890DE0BB}.Release|Any CPU.ActiveCfg = Release|Any CPU
		{A60B2011-81AF-498E-AC19-8793890DE0BB}.Release|Any CPU.Build.0 = Release|Any CPU
		{EB46CD02-AEC9-47A5-8DAC-DE5CB8484FE9}.Debug|Any CPU.ActiveCfg = Debug|Any CPU
		{EB46CD02-AEC9-47A5-8DAC-DE5CB8484FE9}.Debug|Any CPU.Build.0 = Debug|Any CPU
		{EB46CD02-AEC9-47A5-8DAC-DE5CB8484FE9}.Release|Any CPU.ActiveCfg = Release|Any CPU
		{EB46CD02-AEC9-47A5-8DAC-DE5CB8484FE9}.Release|Any CPU.Build.0 = Release|Any CPU
		{764B8B61-B7A7-4171-85C1-7D179D0382E1}.Debug|Any CPU.ActiveCfg = Debug|Any CPU
		{764B8B61-B7A7-4171-85C1-7D179D0382E1}.Debug|Any CPU.Build.0 = Debug|Any CPU
		{764B8B61-B7A7-4171-85C1-7D179D0382E1}.Release|Any CPU.ActiveCfg = Release|Any CPU
		{764B8B61-B7A7-4171-85C1-7D179D0382E1}.Release|Any CPU.Build.0 = Release|Any CPU
		{B2BAD542-C958-4C55-95C3-9F38BF51AE78}.Debug|Any CPU.ActiveCfg = Debug|Any CPU
		{B2BAD542-C958-4C55-95C3-9F38BF51AE78}.Debug|Any CPU.Build.0 = Debug|Any CPU
		{B2BAD542-C958-4C55-95C3-9F38BF51AE78}.Release|Any CPU.ActiveCfg = Release|Any CPU
		{B2BAD542-C958-4C55-95C3-9F38BF51AE78}.Release|Any CPU.Build.0 = Release|Any CPU
		{555E2C2C-2332-4E93-AE4B-7E89B6492E5F}.Debug|Any CPU.ActiveCfg = Debug|Any CPU
		{555E2C2C-2332-4E93-AE4B-7E89B6492E5F}.Debug|Any CPU.Build.0 = Debug|Any CPU
		{555E2C2C-2332-4E93-AE4B-7E89B6492E5F}.Release|Any CPU.ActiveCfg = Release|Any CPU
		{555E2C2C-2332-4E93-AE4B-7E89B6492E5F}.Release|Any CPU.Build.0 = Release|Any CPU
		{A7FFE6D9-8E6E-4741-BA9E-380E5F363E16}.Debug|Any CPU.ActiveCfg = Debug|Any CPU
		{A7FFE6D9-8E6E-4741-BA9E-380E5F363E16}.Debug|Any CPU.Build.0 = Debug|Any CPU
		{A7FFE6D9-8E6E-4741-BA9E-380E5F363E16}.Release|Any CPU.ActiveCfg = Release|Any CPU
		{A7FFE6D9-8E6E-4741-BA9E-380E5F363E16}.Release|Any CPU.Build.0 = Release|Any CPU
		{6E629F6D-F697-4F48-98DF-629FBB60400B}.Debug|Any CPU.ActiveCfg = Debug|Any CPU
		{6E629F6D-F697-4F48-98DF-629FBB60400B}.Debug|Any CPU.Build.0 = Debug|Any CPU
		{6E629F6D-F697-4F48-98DF-629FBB60400B}.Release|Any CPU.ActiveCfg = Release|Any CPU
		{6E629F6D-F697-4F48-98DF-629FBB60400B}.Release|Any CPU.Build.0 = Release|Any CPU
		{D559EAE3-FBFC-4F03-B61B-0C31CA7024A2}.Debug|Any CPU.ActiveCfg = Debug|Any CPU
		{D559EAE3-FBFC-4F03-B61B-0C31CA7024A2}.Debug|Any CPU.Build.0 = Debug|Any CPU
		{D559EAE3-FBFC-4F03-B61B-0C31CA7024A2}.Release|Any CPU.ActiveCfg = Release|Any CPU
		{D559EAE3-FBFC-4F03-B61B-0C31CA7024A2}.Release|Any CPU.Build.0 = Release|Any CPU
		{B803FB35-507F-4B8F-8952-4C1ECDFF4438}.Debug|Any CPU.ActiveCfg = Debug|Any CPU
		{B803FB35-507F-4B8F-8952-4C1ECDFF4438}.Debug|Any CPU.Build.0 = Debug|Any CPU
		{B803FB35-507F-4B8F-8952-4C1ECDFF4438}.Release|Any CPU.ActiveCfg = Release|Any CPU
		{B803FB35-507F-4B8F-8952-4C1ECDFF4438}.Release|Any CPU.Build.0 = Release|Any CPU
		{C896062F-147F-4110-A315-57B92850A0D7}.Debug|Any CPU.ActiveCfg = Debug|Any CPU
		{C896062F-147F-4110-A315-57B92850A0D7}.Debug|Any CPU.Build.0 = Debug|Any CPU
		{C896062F-147F-4110-A315-57B92850A0D7}.Release|Any CPU.ActiveCfg = Release|Any CPU
		{C896062F-147F-4110-A315-57B92850A0D7}.Release|Any CPU.Build.0 = Release|Any CPU
		{C5C6844D-1981-4AC2-8B30-801737A4D94C}.Debug|Any CPU.ActiveCfg = Debug|Any CPU
		{C5C6844D-1981-4AC2-8B30-801737A4D94C}.Debug|Any CPU.Build.0 = Debug|Any CPU
		{C5C6844D-1981-4AC2-8B30-801737A4D94C}.Release|Any CPU.ActiveCfg = Release|Any CPU
		{C5C6844D-1981-4AC2-8B30-801737A4D94C}.Release|Any CPU.Build.0 = Release|Any CPU
	EndGlobalSection
	GlobalSection(SolutionProperties) = preSolution
		HideSolutionNode = FALSE
	EndGlobalSection
	GlobalSection(ExtensibilityGlobals) = postSolution
		SolutionGuid = {11FBD334-A88C-415B-865A-76D78A5CF476}
	EndGlobalSection
EndGlobal
